
Microsoft Visual Studio Solution File, Format Version 12.00
# Visual Studio Version 17
VisualStudioVersion = 17.4.33213.308
MinimumVisualStudioVersion = 10.0.40219.1
Project("{FAE04EC0-301F-11D3-BF4B-00C04F79EFBC}") = "api", "api\api.csproj", "{73AD1A5D-AE1D-4478-B7F5-0E1EE3B15768}"
EndProject
Global
	GlobalSection(SolutionConfigurationPlatforms) = preSolution
		Debug|Any CPU = Debug|Any CPU
		Release|Any CPU = Release|Any CPU
	EndGlobalSection
	GlobalSection(ProjectConfigurationPlatforms) = postSolution
		{73AD1A5D-AE1D-4478-B7F5-0E1EE3B15768}.Debug|Any CPU.ActiveCfg = Debug|Any CPU
		{73AD1A5D-AE1D-4478-B7F5-0E1EE3B15768}.Debug|Any CPU.Build.0 = Debug|Any CPU
		{73AD1A5D-AE1D-4478-B7F5-0E1EE3B15768}.Release|Any CPU.ActiveCfg = Release|Any CPU
		{73AD1A5D-AE1D-4478-B7F5-0E1EE3B15768}.Release|Any CPU.Build.0 = Release|Any CPU
	EndGlobalSection
	GlobalSection(SolutionProperties) = preSolution
		HideSolutionNode = FALSE
	EndGlobalSection
	GlobalSection(ExtensibilityGlobals) = postSolution
		SolutionGuid = {F40B9BAC-F852-493E-A4E0-F2FB531193B6}
	EndGlobalSection
EndGlobal
